{
  "object": {
    "pins": [
      {
        "package": "IkigaJSON",
        "repositoryURL": "https://github.com/Ikiga/IkigaJSON.git",
        "state": {
          "branch": null,
          "revision": "ac6085c4f682dd50886aecb3bad3531288510c1e",
          "version": "2.1.1"
        }
      },
      {
        "package": "JJLISO8601DateFormatter",
        "repositoryURL": "https://github.com/michaeleisel/JJLISO8601DateFormatter",
        "state": {
          "branch": null,
          "revision": "99fadf2e6425a0f827b1b485ea60bc2b7ecdd22c",
          "version": "0.1.4"
        }
      },
      {
        "package": "swift-nio",
        "repositoryURL": "https://github.com/apple/swift-nio.git",
        "state": {
          "branch": null,
          "revision": "154f1d32366449dcccf6375a173adf4ed2a74429",
          "version": "2.38.0"
        }
      },
      {
        "package": "ZippyJSON",
        "repositoryURL": "https://github.com/michaeleisel/ZippyJSON.git",
        "state": {
          "branch": null,
          "revision": "1ab389998592d038a60a3ca71aa7554d0e84ab4a",
          "version": "1.2.4"
        }
      },
      {
        "package": "ZippyJSONCFamily",
        "repositoryURL": "https://github.com/michaeleisel/ZippyJSONCFamily",
        "state": {
          "branch": null,
          "revision": "c55123b23f0faa898b22bf1b967e72a2df51fdb4",
          "version": "1.2.4"
        }
      }
    ]
  },
  "version": 1
}
